{
  "version": 4,
  "terraform_version": "1.5.5",
  "serial": 123,
  "lineage": "ce191e2c-371d-5da8-71ad-dedaf28e638b",
  "outputs": {},
  "resources": [
    {
      "mode": "data",
      "type": "terraform_remote_state",
      "name": "infra_mke",
      "provider": "provider[\"terraform.io/builtin/terraform\"]",
      "instances": [
        {
          "schema_version": 0,
          "attributes": {
            "backend": "local",
            "config": {
              "value": {
                "path": "../../infra/terraform.tfstate"
              },
              "type": [
                "object",
                {
                  "path": "string"
                }
              ]
            },
            "defaults": null,
            "outputs": {
              "value": {
                "hosts": [
                  {
                    "privateInterface": "ens5",
                    "role": "manager",
                    "ssh": {
                      "address": "18.116.80.155",
                      "keyPath": "./ssh_keys/jntest.pem",
                      "user": "ubuntu"
                    }
                  },
                  {
                    "privateInterface": "ens5",
                    "role": "manager",
                    "ssh": {
                      "address": "3.145.28.118",
                      "keyPath": "./ssh_keys/jntest.pem",
                      "user": "ubuntu"
                    }
                  },
                  {
                    "privateInterface": "ens5",
                    "role": "manager",
                    "ssh": {
                      "address": "3.12.146.142",
                      "keyPath": "./ssh_keys/jntest.pem",
                      "user": "ubuntu"
                    }
                  },
                  {
                    "privateInterface": "ens5",
                    "role": "worker",
                    "ssh": {
                      "address": "18.118.142.200",
                      "keyPath": "./ssh_keys/jntest.pem",
                      "user": "ubuntu"
                    }
                  },
                  {
                    "privateInterface": "ens5",
                    "role": "worker",
                    "ssh": {
                      "address": "18.224.172.79",
                      "keyPath": "./ssh_keys/jntest.pem",
                      "user": "ubuntu"
                    }
                  },
                  {
                    "privateInterface": "ens5",
                    "role": "worker",
                    "ssh": {
                      "address": "3.145.70.152",
                      "keyPath": "./ssh_keys/jntest.pem",
                      "user": "ubuntu"
                    }
                  },
                  {
                    "privateInterface": "ens5",
                    "role": "worker",
                    "ssh": {
                      "address": "18.220.244.188",
                      "keyPath": "./ssh_keys/jntest.pem",
                      "user": "ubuntu"
                    }
                  },
                  {
                    "privateInterface": "ens5",
                    "role": "worker",
                    "ssh": {
                      "address": "18.116.10.88",
                      "keyPath": "./ssh_keys/jntest.pem",
                      "user": "ubuntu"
                    }
                  },
                  {
                    "privateInterface": "ens5",
                    "role": "worker",
                    "ssh": {
                      "address": "18.117.83.167",
                      "keyPath": "./ssh_keys/jntest.pem",
                      "user": "ubuntu"
                    }
                  },
                  {
                    "privateInterface": "ens5",
                    "role": "worker",
                    "ssh": {
                      "address": "18.217.31.211",
                      "keyPath": "./ssh_keys/jntest.pem",
                      "user": "ubuntu"
                    }
                  },
                  {
                    "privateInterface": "ens5",
                    "role": "worker",
                    "ssh": {
                      "address": "3.143.236.185",
                      "keyPath": "./ssh_keys/jntest.pem",
                      "user": "ubuntu"
                    }
                  }
                ],
                "mke_lb": "jntest-master-lb-41cad8fe96545281.elb.us-east-2.amazonaws.com"
              },
              "type": [
                "object",
                {
                  "hosts": [
                    "tuple",
                    [
                      [
                        "object",
                        {
                          "privateInterface": "string",
                          "role": "string",
                          "ssh": [
                            "object",
                            {
                              "address": "string",
                              "keyPath": "string",
                              "user": "string"
                            }
                          ]
                        }
                      ],
                      [
                        "object",
                        {
                          "privateInterface": "string",
                          "role": "string",
                          "ssh": [
                            "object",
                            {
                              "address": "string",
                              "keyPath": "string",
                              "user": "string"
                            }
                          ]
                        }
                      ],
                      [
                        "object",
                        {
                          "privateInterface": "string",
                          "role": "string",
                          "ssh": [
                            "object",
                            {
                              "address": "string",
                              "keyPath": "string",
                              "user": "string"
                            }
                          ]
                        }
                      ],
                      [
                        "object",
                        {
                          "privateInterface": "string",
                          "role": "string",
                          "ssh": [
                            "object",
                            {
                              "address": "string",
                              "keyPath": "string",
                              "user": "string"
                            }
                          ]
                        }
                      ],
                      [
                        "object",
                        {
                          "privateInterface": "string",
                          "role": "string",
                          "ssh": [
                            "object",
                            {
                              "address": "string",
                              "keyPath": "string",
                              "user": "string"
                            }
                          ]
                        }
                      ],
                      [
                        "object",
                        {
                          "privateInterface": "string",
                          "role": "string",
                          "ssh": [
                            "object",
                            {
                              "address": "string",
                              "keyPath": "string",
                              "user": "string"
                            }
                          ]
                        }
                      ],
                      [
                        "object",
                        {
                          "privateInterface": "string",
                          "role": "string",
                          "ssh": [
                            "object",
                            {
                              "address": "string",
                              "keyPath": "string",
                              "user": "string"
                            }
                          ]
                        }
                      ],
                      [
                        "object",
                        {
                          "privateInterface": "string",
                          "role": "string",
                          "ssh": [
                            "object",
                            {
                              "address": "string",
                              "keyPath": "string",
                              "user": "string"
                            }
                          ]
                        }
                      ],
                      [
                        "object",
                        {
                          "privateInterface": "string",
                          "role": "string",
                          "ssh": [
                            "object",
                            {
                              "address": "string",
                              "keyPath": "string",
                              "user": "string"
                            }
                          ]
                        }
                      ],
                      [
                        "object",
                        {
                          "privateInterface": "string",
                          "role": "string",
                          "ssh": [
                            "object",
                            {
                              "address": "string",
                              "keyPath": "string",
                              "user": "string"
                            }
                          ]
                        }
                      ],
                      [
                        "object",
                        {
                          "privateInterface": "string",
                          "role": "string",
                          "ssh": [
                            "object",
                            {
                              "address": "string",
                              "keyPath": "string",
                              "user": "string"
                            }
                          ]
                        }
                      ]
                    ]
                  ],
                  "mke_lb": "string"
                }
              ]
            },
            "workspace": null
          },
          "sensitive_attributes": []
        }
      ]
    },
    {
      "mode": "managed",
      "type": "mke_clientbundle",
      "name": "flowise",
      "provider": "provider[\"registry.terraform.io/mirantis/mke\"].flowise",
      "instances": [
        {
          "schema_version": 0,
          "attributes": {
            "ca_cert": "-----BEGIN CERTIFICATE-----\nMIIBfzCCASSgAwIBAgIUVTD3l6GLflshXp4y4i6q3vvvtMswCgYIKoZIzj0EAwIw\nHTEbMBkGA1UEAxMSVUNQIENsaWVudCBSb290IENBMB4XDTIzMDgyMzEwMjEwMFoX\nDTQzMDgxODEwMjEwMFowHTEbMBkGA1UEAxMSVUNQIENsaWVudCBSb290IENBMFkw\nEwYHKoZIzj0CAQYIKoZIzj0DAQcDQgAEBTRpq27l8roLssVJ7DemG8Ck6rS5LxHQ\nFQKMAin1KGgOgZAmBFywSc2hBK6w58bG9noHpg+1DgS92vexr++Om6NCMEAwDgYD\nVR0PAQH/BAQDAgEGMA8GA1UdEwEB/wQFMAMBAf8wHQYDVR0OBBYEFJPhsfx/p8oA\nNMG51uLBZIlAYMLTMAoGCCqGSM49BAMCA0kAMEYCIQCXnQv8DiLCKFOhZ+9zfKrk\n3T2WtDLCRzVTUmC1x4y9qQIhAJ38WsffQu+1paJbaMaQQDtSQ6Jq6+6F5wbqaXGV\n05FR\n-----END CERTIFICATE-----\n-----BEGIN CERTIFICATE-----\nMIIBajCCARCgAwIBAgIUesWQKqVgYmfi8QrbMZzKp69ltm4wCgYIKoZIzj0EAwIw\nEzERMA8GA1UEAxMIc3dhcm0tY2EwHhcNMjMwODIzMTAyMTAwWhcNNDMwODE4MTAy\nMTAwWjATMREwDwYDVQQDEwhzd2FybS1jYTBZMBMGByqGSM49AgEGCCqGSM49AwEH\nA0IABFQQe6l2ZM8TbKepCGw3+vEigPWbWkCtBLUhgnxYD841hJOQHydcvAeby3PV\n0noy7EYbrAIMVfe2DrR8NcXnmbqjQjBAMA4GA1UdDwEB/wQEAwIBBjAPBgNVHRMB\nAf8EBTADAQH/MB0GA1UdDgQWBBSYwdovXo4RxzWeEqmotRpYTt6LSzAKBggqhkjO\nPQQDAgNIADBFAiB8FRdF7jSW8c2GYA80s0rJqIySX/hgHjpDDkrJg4OrtgIhAMzc\nQ/P9a3KioJ+trCNVENS7e6qMxJJmRr26hUSHEBC7\n-----END CERTIFICATE-----\n",
            "client_cert": "-----BEGIN CERTIFICATE-----\nMIIB+jCCAZ+gAwIBAgIUZ9nS4BxAWPQlG5jAoAsol5RMWKwwCgYIKoZIzj0EAwIw\nEzERMA8GA1UEAxMIc3dhcm0tY2EwHhcNMjMwODI0MTExNDAwWhcNMzMwODIxMTEx\nNDAwWjBvMQkwBwYDVQQGEwAxCTAHBgNVBAgTADEJMAcGA1UEBxMAMSgwJgYDVQQK\nEx9PcmNhOiBibDlhZDE2YXZyM3NodzA5cndjNm9sYTRkMQ8wDQYDVQQLEwZDbGll\nbnQxETAPBgNVBAMTCGFwcC1rdWJlMFkwEwYHKoZIzj0CAQYIKoZIzj0DAQcDQgAE\nHs9ER0NZHgLSr8NB1DdYb//jQ2eOZ5YsxlO9not+TxltssxTpTRktEeUXgWG8OC+\nZdOlWx5lOpFYXwjOFpiRn6N1MHMwDgYDVR0PAQH/BAQDAgWgMBMGA1UdJQQMMAoG\nCCsGAQUFBwMCMAwGA1UdEwEB/wQCMAAwHQYDVR0OBBYEFHw9JmN+qxXBnTShaCh/\nP+Tau3h2MB8GA1UdIwQYMBaAFJjB2i9ejhHHNZ4Sqai1GlhO3otLMAoGCCqGSM49\nBAMCA0kAMEYCIQCR4dIuE64VfPAeNBNNH/UqqhfjmNYE+6PCXGsM7FEmTwIhAKH5\n+vKDaA4dtFPwxvkKTtMyEqA+JqoFKfCAwFYLeC21\n-----END CERTIFICATE-----\n",
            "docker_host": "tcp://jntest-master-lb-41cad8fe96545281.elb.us-east-2.amazonaws.com:443",
            "docker_skiptlsverify": false,
            "id": "ucp-bundle-app-kube",
            "kube_host": "https://jntest-master-lb-41cad8fe96545281.elb.us-east-2.amazonaws.com:6443",
            "kube_skiptlsverify": false,
            "kube_yaml": "apiVersion: v1\nclusters:\n- cluster:\n    certificate-authority-data: LS0tLS1CRUdJTiBDRVJUSUZJQ0FURS0tLS0tCk1JSUJmekNDQVNTZ0F3SUJBZ0lVVlREM2w2R0xmbHNoWHA0eTRpNnEzdnZ2dE1zd0NnWUlLb1pJemowRUF3SXcKSFRFYk1Ca0dBMVVFQXhNU1ZVTlFJRU5zYVdWdWRDQlNiMjkwSUVOQk1CNFhEVEl6TURneU16RXdNakV3TUZvWApEVFF6TURneE9ERXdNakV3TUZvd0hURWJNQmtHQTFVRUF4TVNWVU5RSUVOc2FXVnVkQ0JTYjI5MElFTkJNRmt3CkV3WUhLb1pJemowQ0FRWUlLb1pJemowREFRY0RRZ0FFQlRScHEyN2w4cm9Mc3NWSjdEZW1HOENrNnJTNUx4SFEKRlFLTUFpbjFLR2dPZ1pBbUJGeXdTYzJoQks2dzU4Ykc5bm9IcGcrMURnUzkydmV4cisrT202TkNNRUF3RGdZRApWUjBQQVFIL0JBUURBZ0VHTUE4R0ExVWRFd0VCL3dRRk1BTUJBZjh3SFFZRFZSME9CQllFRkpQaHNmeC9wOG9BCk5NRzUxdUxCWklsQVlNTFRNQW9HQ0NxR1NNNDlCQU1DQTBrQU1FWUNJUUNYblF2OERpTENLRk9oWis5emZLcmsKM1QyV3RETENSelZUVW1DMXg0eTlxUUloQUozOFdzZmZRdSsxcGFKYmFNYVFRRHRTUTZKcTYrNkY1d2JxYVhHVgowNUZSCi0tLS0tRU5EIENFUlRJRklDQVRFLS0tLS0KLS0tLS1CRUdJTiBDRVJUSUZJQ0FURS0tLS0tCk1JSUJhakNDQVJDZ0F3SUJBZ0lVZXNXUUtxVmdZbWZpOFFyYk1aektwNjlsdG00d0NnWUlLb1pJemowRUF3SXcKRXpFUk1BOEdBMVVFQXhNSWMzZGhjbTB0WTJFd0hoY05Nak13T0RJek1UQXlNVEF3V2hjTk5ETXdPREU0TVRBeQpNVEF3V2pBVE1SRXdEd1lEVlFRREV3aHpkMkZ5YlMxallUQlpNQk1HQnlxR1NNNDlBZ0VHQ0NxR1NNNDlBd0VICkEwSUFCRlFRZTZsMlpNOFRiS2VwQ0d3Myt2RWlnUFdiV2tDdEJMVWhnbnhZRDg0MWhKT1FIeWRjdkFlYnkzUFYKMG5veTdFWWJyQUlNVmZlMkRyUjhOY1hubWJxalFqQkFNQTRHQTFVZER3RUIvd1FFQXdJQkJqQVBCZ05WSFJNQgpBZjhFQlRBREFRSC9NQjBHQTFVZERnUVdCQlNZd2RvdlhvNFJ4eldlRXFtb3RScFlUdDZMU3pBS0JnZ3Foa2pPClBRUURBZ05JQURCRkFpQjhGUmRGN2pTVzhjMkdZQTgwczBySnFJeVNYL2hnSGpwRERrckpnNE9ydGdJaEFNemMKUS9QOWEzS2lvSit0ckNOVkVOUzdlNnFNeEpKbVJyMjZoVVNIRUJDNwotLS0tLUVORCBDRVJUSUZJQ0FURS0tLS0tCg==\n    server: https://jntest-master-lb-41cad8fe96545281.elb.us-east-2.amazonaws.com:6443\n  name: ucp_jntest-master-lb-41cad8fe96545281.elb.us-east-2.amazonaws.com:6443_app-kube\ncontexts:\n- context:\n    cluster: ucp_jntest-master-lb-41cad8fe96545281.elb.us-east-2.amazonaws.com:6443_app-kube\n    user: ucp_jntest-master-lb-41cad8fe96545281.elb.us-east-2.amazonaws.com:6443_app-kube\n  name: ucp_jntest-master-lb-41cad8fe96545281.elb.us-east-2.amazonaws.com:6443_app-kube\ncurrent-context: ucp_jntest-master-lb-41cad8fe96545281.elb.us-east-2.amazonaws.com:6443_app-kube\nkind: Config\npreferences: {}\nusers:\n- name: ucp_jntest-master-lb-41cad8fe96545281.elb.us-east-2.amazonaws.com:6443_app-kube\n  user:\n    client-certificate-data: LS0tLS1CRUdJTiBDRVJUSUZJQ0FURS0tLS0tCk1JSUIrakNDQVorZ0F3SUJBZ0lVWjluUzRCeEFXUFFsRzVqQW9Bc29sNVJNV0t3d0NnWUlLb1pJemowRUF3SXcKRXpFUk1BOEdBMVVFQXhNSWMzZGhjbTB0WTJFd0hoY05Nak13T0RJME1URXhOREF3V2hjTk16TXdPREl4TVRFeApOREF3V2pCdk1Ra3dCd1lEVlFRR0V3QXhDVEFIQmdOVkJBZ1RBREVKTUFjR0ExVUVCeE1BTVNnd0pnWURWUVFLCkV4OVBjbU5oT2lCaWJEbGhaREUyWVhaeU0zTm9kekE1Y25kak5tOXNZVFJrTVE4d0RRWURWUVFMRXdaRGJHbGwKYm5ReEVUQVBCZ05WQkFNVENHRndjQzFyZFdKbE1Ga3dFd1lIS29aSXpqMENBUVlJS29aSXpqMERBUWNEUWdBRQpIczlFUjBOWkhnTFNyOE5CMURkWWIvL2pRMmVPWjVZc3hsTzlub3QrVHhsdHNzeFRwVFJrdEVlVVhnV0c4T0MrClpkT2xXeDVsT3BGWVh3ak9GcGlSbjZOMU1ITXdEZ1lEVlIwUEFRSC9CQVFEQWdXZ01CTUdBMVVkSlFRTU1Bb0cKQ0NzR0FRVUZCd01DTUF3R0ExVWRFd0VCL3dRQ01BQXdIUVlEVlIwT0JCWUVGSHc5Sm1OK3F4WEJuVFNoYUNoLwpQK1RhdTNoMk1COEdBMVVkSXdRWU1CYUFGSmpCMmk5ZWpoSEhOWjRTcWFpMUdsaE8zb3RMTUFvR0NDcUdTTTQ5CkJBTUNBMGtBTUVZQ0lRQ1I0ZEl1RTY0VmZQQWVOQk5OSC9VcXFoZmptTllFKzZQQ1hHc003RkVtVHdJaEFLSDUKK3ZLRGFBNGR0RlB3eHZrS1R0TXlFcUErSnFvRktmQ0F3RllMZUMyMQotLS0tLUVORCBDRVJUSUZJQ0FURS0tLS0tCg==\n    client-key-data: LS0tLS1CRUdJTiBFQyBQUklWQVRFIEtFWS0tLS0tCk1IY0NBUUVFSUpBWWpWcEszTWQ5RDdPZ242aGlOZ2JPanYzTXlZQjVQMngyUmhENVc3bi9vQW9HQ0NxR1NNNDkKQXdFSG9VUURRZ0FFSHM5RVIwTlpIZ0xTcjhOQjFEZFliLy9qUTJlT1o1WXN4bE85bm90K1R4bHRzc3hUcFRSawp0RWVVWGdXRzhPQytaZE9sV3g1bE9wRllYd2pPRnBpUm53PT0KLS0tLS1FTkQgRUMgUFJJVkFURSBLRVktLS0tLQo=\n",
            "label": "tf_app_app-kube",
            "orchestrator": "all",
            "private_key": "-----BEGIN EC PRIVATE KEY-----\nMHcCAQEEIJAYjVpK3Md9D7Ogn6hiNgbOjv3MyYB5P2x2RhD5W7n/oAoGCCqGSM49\nAwEHoUQDQgAEHs9ER0NZHgLSr8NB1DdYb//jQ2eOZ5YsxlO9not+TxltssxTpTRk\ntEeUXgWG8OC+ZdOlWx5lOpFYXwjOFpiRnw==\n-----END EC PRIVATE KEY-----\n",
            "public_key": "-----BEGIN PUBLIC KEY-----\nMFkwEwYHKoZIzj0CAQYIKoZIzj0DAQcDQgAEHs9ER0NZHgLSr8NB1DdYb//jQ2eO\nZ5YsxlO9not+TxltssxTpTRktEeUXgWG8OC+ZdOlWx5lOpFYXwjOFpiRnw==\n-----END PUBLIC KEY-----"
          },
          "sensitive_attributes": [],
          "dependencies": [
            "data.terraform_remote_state.infra_mke",
            "mke_user.kube"
          ]
        }
      ]
    },
    {
      "mode": "managed",
      "type": "mke_user",
      "name": "kube",
      "provider": "provider[\"registry.terraform.io/mirantis/mke\"]",
      "instances": [
        {
          "schema_version": 0,
          "attributes": {
            "full_name": "app kube",
            "id": "b1869291-0033-4891-a76d-ab8491f2ce2d",
            "is_active": true,
            "is_admin": true,
            "name": "app-kube",
            "password": "k8spassword"
          },
          "sensitive_attributes": [],
          "dependencies": [
            "data.terraform_remote_state.infra_mke"
          ]
        }
      ]
    },
    {
      "module": "module.flowise",
      "mode": "managed",
      "type": "helm_release",
      "name": "flowise",
      "provider": "module.flowise.provider[\"registry.terraform.io/hashicorp/helm\"]",
      "instances": [
        {
          "schema_version": 1,
          "attributes": {
            "atomic": false,
            "chart": "flowise",
            "cleanup_on_fail": false,
            "create_namespace": false,
            "dependency_update": false,
            "description": null,
            "devel": null,
            "disable_crd_hooks": false,
            "disable_openapi_validation": false,
            "disable_webhooks": false,
            "force_update": false,
            "id": "k8s-flowise",
            "keyring": null,
            "lint": false,
            "manifest": null,
            "max_history": 0,
            "metadata": [
              {
                "app_version": "1.3.1",
                "chart": "flowise",
                "name": "k8s-flowise",
                "namespace": "flowise",
                "revision": 1,
                "values": "{}",
                "version": "2.2.0"
              }
            ],
            "name": "k8s-flowise",
            "namespace": "flowise",
            "pass_credentials": false,
            "postrender": [],
            "recreate_pods": false,
            "render_subchart_notes": true,
            "replace": false,
            "repository": "https://cowboysysop.github.io/charts/",
            "repository_ca_file": null,
            "repository_cert_file": null,
            "repository_key_file": null,
            "repository_password": null,
            "repository_username": null,
            "reset_values": false,
            "reuse_values": false,
            "set": [],
            "set_list": [],
            "set_sensitive": [],
            "skip_crds": false,
            "status": "deployed",
            "timeout": 300,
            "values": null,
            "verify": false,
            "version": "2.2.0",
            "wait": true,
            "wait_for_jobs": true
          },
          "sensitive_attributes": [],
          "private": "eyJzY2hlbWFfdmVyc2lvbiI6IjEifQ==",
          "dependencies": [
            "data.terraform_remote_state.infra_mke",
            "mke_clientbundle.flowise",
            "mke_user.kube",
            "module.flowise.kubernetes_namespace.flowise"
          ]
        }
      ]
    },
    {
      "module": "module.flowise",
      "mode": "managed",
      "type": "kubernetes_namespace",
      "name": "flowise",
      "provider": "module.flowise.provider[\"registry.terraform.io/hashicorp/kubernetes\"]",
      "instances": [
        {
          "schema_version": 0,
          "attributes": {
            "id": "flowise",
            "metadata": [
              {
                "annotations": {},
                "generate_name": "",
                "generation": 0,
                "labels": {},
                "name": "flowise",
                "resource_version": "432673",
                "uid": "e1f3c2ca-92ea-417a-8bc7-7d83baef6c6a"
              }
            ],
            "timeouts": null,
            "wait_for_default_service_account": false
          },
          "sensitive_attributes": [],
          "private": "eyJlMmJmYjczMC1lY2FhLTExZTYtOGY4OC0zNDM2M2JjN2M0YzAiOnsiZGVsZXRlIjozMDAwMDAwMDAwMDB9fQ==",
          "dependencies": [
            "data.terraform_remote_state.infra_mke",
            "mke_clientbundle.flowise",
            "mke_user.kube"
          ]
        }
      ]
    },
    {
      "module": "module.flowise",
      "mode": "managed",
      "type": "kubernetes_persistent_volume_claim",
      "name": "ebs_gp3",
      "provider": "module.flowise.provider[\"registry.terraform.io/hashicorp/kubernetes\"]",
      "instances": [
        {
          "schema_version": 0,
          "attributes": {
            "id": "flowise/flowise-pvc",
            "metadata": [
              {
                "annotations": {},
                "generate_name": "",
                "generation": 0,
                "labels": {},
                "name": "flowise-pvc",
                "namespace": "flowise",
                "resource_version": "432744",
                "uid": "509e1a1a-c1ec-430f-99c5-ca40dbeb567a"
              }
            ],
            "spec": [
              {
                "access_modes": [
                  "ReadWriteOnce"
                ],
                "resources": [
                  {
                    "limits": {},
                    "requests": {
                      "storage": "20Gi"
                    }
                  }
                ],
                "selector": [],
                "storage_class_name": "flowise-sc",
                "volume_name": "pvc-509e1a1a-c1ec-430f-99c5-ca40dbeb567a"
              }
            ],
            "timeouts": null,
            "wait_until_bound": true
          },
          "sensitive_attributes": [],
          "private": "eyJlMmJmYjczMC1lY2FhLTExZTYtOGY4OC0zNDM2M2JjN2M0YzAiOnsiY3JlYXRlIjozMDAwMDAwMDAwMDB9fQ==",
          "dependencies": [
            "data.terraform_remote_state.infra_mke",
            "mke_clientbundle.flowise",
            "mke_user.kube",
            "module.flowise.kubernetes_namespace.flowise",
            "module.flowise.kubernetes_storage_class.ebs_gp3"
          ]
        }
      ]
    },
    {
      "module": "module.flowise",
      "mode": "managed",
      "type": "kubernetes_storage_class",
      "name": "ebs_gp3",
      "provider": "module.flowise.provider[\"registry.terraform.io/hashicorp/kubernetes\"]",
      "instances": [
        {
          "schema_version": 0,
          "attributes": {
            "allow_volume_expansion": true,
            "allowed_topologies": [],
            "id": "flowise-sc",
            "metadata": [
              {
                "annotations": {},
                "generate_name": "",
                "generation": 0,
                "labels": {},
                "name": "flowise-sc",
                "resource_version": "432672",
                "uid": "53488968-3a11-4ed2-a3ca-57abc3c88b53"
              }
            ],
            "mount_options": [],
            "parameters": {
              "type": "gp3"
            },
            "reclaim_policy": "Retain",
            "storage_provisioner": "kubernetes.io/aws-ebs",
            "volume_binding_mode": "Immediate"
          },
          "sensitive_attributes": [],
          "private": "bnVsbA==",
          "dependencies": [
            "data.terraform_remote_state.infra_mke",
            "mke_clientbundle.flowise",
            "mke_user.kube"
          ]
        }
      ]
    }
  ],
  "check_results": null
}
